
Microsoft Visual Studio Solution File, Format Version 12.00
# Visual Studio Version 16
VisualStudioVersion = 16.0.29009.5
MinimumVisualStudioVersion = 10.0.40219.1
Project("{FAE04EC0-301F-11D3-BF4B-00C04F79EFBC}") = "EasyFlight", "EasyFlight.csproj", "{2C0C371D-073C-4E76-B2BF-409D26EE0104}"
EndProject
Global
	GlobalSection(SolutionConfigurationPlatforms) = preSolution
		Debug|Any CPU = Debug|Any CPU
		Release|Any CPU = Release|Any CPU
	EndGlobalSection
	GlobalSection(ProjectConfigurationPlatforms) = postSolution
		{2C0C371D-073C-4E76-B2BF-409D26EE0104}.Debug|Any CPU.ActiveCfg = Debug|Any CPU
		{2C0C371D-073C-4E76-B2BF-409D26EE0104}.Debug|Any CPU.Build.0 = Debug|Any CPU
		{2C0C371D-073C-4E76-B2BF-409D26EE0104}.Release|Any CPU.ActiveCfg = Release|Any CPU
		{2C0C371D-073C-4E76-B2BF-409D26EE0104}.Release|Any CPU.Build.0 = Release|Any CPU
	EndGlobalSection
	GlobalSection(SolutionProperties) = preSolution
		HideSolutionNode = FALSE
	EndGlobalSection
	GlobalSection(ExtensibilityGlobals) = postSolution
		SolutionGuid = {703DDB18-B803-449F-8C11-AE7B12D6A255}
	EndGlobalSection
EndGlobal
